
Microsoft Visual Studio Solution File, Format Version 12.00
# Visual Studio 14
VisualStudioVersion = 14.0.25123.0
MinimumVisualStudioVersion = 10.0.40219.1
Project("{2150E333-8FDC-42A3-9474-1A3956D46DE8}") = ".nuget", ".nuget", "{D8DCB1C2-5F18-4F40-A583-723975F89C1A}"
	ProjectSection(SolutionItems) = preProject
		.nuget\NuGet.Config = .nuget\NuGet.Config
		.nuget\NuGet.exe = .nuget\NuGet.exe
		.nuget\NuGet.targets = .nuget\NuGet.targets
	EndProjectSection
EndProject
Project("{2150E333-8FDC-42A3-9474-1A3956D46DE8}") = "Solution Items", "Solution Items", "{D99A89F2-12E3-402E-8E3A-9EFAFCF2BC76}"
	ProjectSection(SolutionItems) = preProject
		global.json = global.json
		LICENCE.txt = LICENCE.txt
		README.md = README.md
		.gitignore = .gitignore
	EndProjectSection
EndProject
Project("{FAE04EC0-301F-11D3-BF4B-00C04F79EFBC}") = "FluentCommandLineParser", "FluentCommandLineParser\FluentCommandLineParser.csproj", "{BD83873B-353B-4742-AA1A-C93F6A279021}"
EndProject
Project("{FAE04EC0-301F-11D3-BF4B-00C04F79EFBC}") = "FluentCommandLineParser.Tests", "FluentCommandLineParser.Tests\FluentCommandLineParser.Tests.csproj", "{9F46727C-533F-40D5-A59B-062C57F36B19}"
EndProject
Global
	GlobalSection(SolutionConfigurationPlatforms) = preSolution
		Debug|Any CPU = Debug|Any CPU
		Release|Any CPU = Release|Any CPU
	EndGlobalSection
	GlobalSection(ProjectConfigurationPlatforms) = postSolution
		{BD83873B-353B-4742-AA1A-C93F6A279021}.Debug|Any CPU.ActiveCfg = Debug|Any CPU
		{BD83873B-353B-4742-AA1A-C93F6A279021}.Debug|Any CPU.Build.0 = Debug|Any CPU
		{BD83873B-353B-4742-AA1A-C93F6A279021}.Release|Any CPU.ActiveCfg = Release|Any CPU
		{BD83873B-353B-4742-AA1A-C93F6A279021}.Release|Any CPU.Build.0 = Release|Any CPU
		{9F46727C-533F-40D5-A59B-062C57F36B19}.Debug|Any CPU.ActiveCfg = Debug|Any CPU
		{9F46727C-533F-40D5-A59B-062C57F36B19}.Debug|Any CPU.Build.0 = Debug|Any CPU
		{9F46727C-533F-40D5-A59B-062C57F36B19}.Release|Any CPU.ActiveCfg = Release|Any CPU
		{9F46727C-533F-40D5-A59B-062C57F36B19}.Release|Any CPU.Build.0 = Release|Any CPU
	EndGlobalSection
	GlobalSection(SolutionProperties) = preSolution
		HideSolutionNode = FALSE
	EndGlobalSection
	GlobalSection(NestedProjects) = preSolution
	EndGlobalSection
EndGlobal
